// !$*UTF8*$!
{
	archiveVersion = 1;
	classes = {
	};
	objectVersion = 50;
	objects = {

/* Begin PBXBuildFile section */
		713B9ADC24FE7D6D00AC2415 /* SnakeHead.swift in Sources */ = {isa = PBXBuildFile; fileRef = 713B9ADB24FE7D6D00AC2415 /* SnakeHead.swift */; };
		71F6C96E24ED564500EAB375 /* SwiftUI_SnakeApp.swift in Sources */ = {isa = PBXBuildFile; fileRef = 71F6C96D24ED564500EAB375 /* SwiftUI_SnakeApp.swift */; };
		71F6C97024ED564500EAB375 /* ContentView.swift in Sources */ = {isa = PBXBuildFile; fileRef = 71F6C96F24ED564500EAB375 /* ContentView.swift */; };
		71F6C97224ED564A00EAB375 /* Assets.xcassets in Resources */ = {isa = PBXBuildFile; fileRef = 71F6C97124ED564A00EAB375 /* Assets.xcassets */; };
		71F6C97524ED564A00EAB375 /* Preview Assets.xcassets in Resources */ = {isa = PBXBuildFile; fileRef = 71F6C97424ED564A00EAB375 /* Preview Assets.xcassets */; };
		71F6C97D24ED580900EAB375 /* SnakeGameView.swift in Sources */ = {isa = PBXBuildFile; fileRef = 71F6C97C24ED580900EAB375 /* SnakeGameView.swift */; };
		71F6C97F24ED581C00EAB375 /* SnakeGame.swift in Sources */ = {isa = PBXBuildFile; fileRef = 71F6C97E24ED581C00EAB375 /* SnakeGame.swift */; };
/* End PBXBuildFile section */

/* Begin PBXFileReference section */
		713B9ADB24FE7D6D00AC2415 /* SnakeHead.swift */ = {isa = PBXFileReference; lastKnownFileType = sourcecode.swift; path = SnakeHead.swift; sourceTree = "<group>"; };
		71F6C96A24ED564500EAB375 /* SwiftUI Snake.app */ = {isa = PBXFileReference; explicitFileType = wrapper.application; includeInIndex = 0; path = "SwiftUI Snake.app"; sourceTree = BUILT_PRODUCTS_DIR; };
		71F6C96D24ED564500EAB375 /* SwiftUI_SnakeApp.swift */ = {isa = PBXFileReference; lastKnownFileType = sourcecode.swift; path = SwiftUI_SnakeApp.swift; sourceTree = "<group>"; };
		71F6C96F24ED564500EAB375 /* ContentView.swift */ = {isa = PBXFileReference; lastKnownFileType = sourcecode.swift; path = ContentView.swift; sourceTree = "<group>"; };
		71F6C97124ED564A00EAB375 /* Assets.xcassets */ = {isa = PBXFileReference; lastKnownFileType = folder.assetcatalog; path = Assets.xcassets; sourceTree = "<group>"; };
		71F6C97424ED564A00EAB375 /* Preview Assets.xcassets */ = {isa = PBXFileReference; lastKnownFileType = folder.assetcatalog; path = "Preview Assets.xcassets"; sourceTree = "<group>"; };
		71F6C97624ED564A00EAB375 /* Info.plist */ = {isa = PBXFileReference; lastKnownFileType = text.plist.xml; path = Info.plist; sourceTree = "<group>"; };
		71F6C97C24ED580900EAB375 /* SnakeGameView.swift */ = {isa = PBXFileReference; lastKnownFileType = sourcecode.swift; path = SnakeGameView.swift; sourceTree = "<group>"; };
		71F6C97E24ED581C00EAB375 /* SnakeGame.swift */ = {isa = PBXFileReference; lastKnownFileType = sourcecode.swift; path = SnakeGame.swift; sourceTree = "<group>"; };
/* End PBXFileReference section */

/* Begin PBXFrameworksBuildPhase section */
		71F6C96724ED564500EAB375 /* Frameworks */ = {
			isa = PBXFrameworksBuildPhase;
			buildActionMask = 2147483647;
			files = (
			);
			runOnlyForDeploymentPostprocessing = 0;
		};
/* End PBXFrameworksBuildPhase section */

/* Begin PBXGroup section */
		71F6C96124ED564500EAB375 = {
			isa = PBXGroup;
			children = (
				71F6C96C24ED564500EAB375 /* SwiftUI Snake */,
				71F6C96B24ED564500EAB375 /* Products */,
			);
			sourceTree = "<group>";
		};
		71F6C96B24ED564500EAB375 /* Products */ = {
			isa = PBXGroup;
			children = (
				71F6C96A24ED564500EAB375 /* SwiftUI Snake.app */,
			);
			name = Products;
			sourceTree = "<group>";
		};
		71F6C96C24ED564500EAB375 /* SwiftUI Snake */ = {
			isa = PBXGroup;
			children = (
				71F6C96D24ED564500EAB375 /* SwiftUI_SnakeApp.swift */,
				71F6C96F24ED564500EAB375 /* ContentView.swift */,
				71F6C97C24ED580900EAB375 /* SnakeGameView.swift */,
				713B9ADB24FE7D6D00AC2415 /* SnakeHead.swift */,
				71F6C97E24ED581C00EAB375 /* SnakeGame.swift */,
				71F6C97124ED564A00EAB375 /* Assets.xcassets */,
				71F6C97624ED564A00EAB375 /* Info.plist */,
				71F6C97324ED564A00EAB375 /* Preview Content */,
			);
			path = "SwiftUI Snake";
			sourceTree = "<group>";
		};
		71F6C97324ED564A00EAB375 /* Preview Content */ = {
			isa = PBXGroup;
			children = (
				71F6C97424ED564A00EAB375 /* Preview Assets.xcassets */,
			);
			path = "Preview Content";
			sourceTree = "<group>";
		};
/* End PBXGroup section */

/* Begin PBXNativeTarget section */
		71F6C96924ED564500EAB375 /* SwiftUI Snake */ = {
			isa = PBXNativeTarget;
			buildConfigurationList = 71F6C97924ED564A00EAB375 /* Build configuration list for PBXNativeTarget "SwiftUI Snake" */;
			buildPhases = (
				71F6C96624ED564500EAB375 /* Sources */,
				71F6C96724ED564500EAB375 /* Frameworks */,
				71F6C96824ED564500EAB375 /* Resources */,
			);
			buildRules = (
			);
			dependencies = (
			);
			name = "SwiftUI Snake";
			productName = "SwiftUI Snake";
			productReference = 71F6C96A24ED564500EAB375 /* SwiftUI Snake.app */;
			productType = "com.apple.product-type.application";
		};
/* End PBXNativeTarget section */

/* Begin PBXProject section */
		71F6C96224ED564500EAB375 /* Project object */ = {
			isa = PBXProject;
			attributes = {
				LastSwiftUpdateCheck = 1200;
				LastUpgradeCheck = 1200;
				TargetAttributes = {
					71F6C96924ED564500EAB375 = {
						CreatedOnToolsVersion = 12.0;
					};
				};
			};
			buildConfigurationList = 71F6C96524ED564500EAB375 /* Build configuration list for PBXProject "SwiftUI Snake" */;
			compatibilityVersion = "Xcode 9.3";
			developmentRegion = en;
			hasScannedForEncodings = 0;
			knownRegions = (
				en,
				Base,
			);
			mainGroup = 71F6C96124ED564500EAB375;
			productRefGroup = 71F6C96B24ED564500EAB375 /* Products */;
			projectDirPath = "";
			projectRoot = "";
			targets = (
				71F6C96924ED564500EAB375 /* SwiftUI Snake */,
			);
		};
/* End PBXProject section */

/* Begin PBXResourcesBuildPhase section */
		71F6C96824ED564500EAB375 /* Resources */ = {
			isa = PBXResourcesBuildPhase;
			buildActionMask = 2147483647;
			files = (
				71F6C97524ED564A00EAB375 /* Preview Assets.xcassets in Resources */,
				71F6C97224ED564A00EAB375 /* Assets.xcassets in Resources */,
			);
			runOnlyForDeploymentPostprocessing = 0;
		};
/* End PBXResourcesBuildPhase section */

/* Begin PBXSourcesBuildPhase section */
		71F6C96624ED564500EAB375 /* Sources */ = {
			isa = PBXSourcesBuildPhase;
			buildActionMask = 2147483647;
			files = (
				713B9ADC24FE7D6D00AC2415 /* SnakeHead.swift in Sources */,
				71F6C97024ED564500EAB375 /* ContentView.swift in Sources */,
				71F6C96E24ED564500EAB375 /* SwiftUI_SnakeApp.swift in Sources */,
				71F6C97F24ED581C00EAB375 /* SnakeGame.swift in Sources */,
				71F6C97D24ED580900EAB375 /* SnakeGameView.swift in Sources */,
			);
			runOnlyForDeploymentPostprocessing = 0;
		};
/* End PBXSourcesBuildPhase section */

/* Begin XCBuildConfiguration section */
		71F6C97724ED564A00EAB375 /* Debug */ = {
			isa = XCBuildConfiguration;
			buildSettings = {
				ALWAYS_SEARCH_USER_PATHS = NO;
				CLANG_ANALYZER_NONNULL = YES;
				CLANG_ANALYZER_NUMBER_OBJECT_CONVERSION = YES_AGGRESSIVE;
				CLANG_CXX_LANGUAGE_STANDARD = "gnu++14";
				CLANG_CXX_LIBRARY = "libc++";
				CLANG_ENABLE_MODULES = YES;
				CLANG_ENABLE_OBJC_ARC = YES;
				CLANG_ENABLE_OBJC_WEAK = YES;
				CLANG_WARN_BLOCK_CAPTURE_AUTORELEASING = YES;
				CLANG_WARN_BOOL_CONVERSION = YES;
				CLANG_WARN_COMMA = YES;
				CLANG_WARN_CONSTANT_CONVERSION = YES;
				CLANG_WARN_DEPRECATED_OBJC_IMPLEMENTATIONS = YES;
				CLANG_WARN_DIRECT_OBJC_ISA_USAGE = YES_ERROR;
				CLANG_WARN_DOCUMENTATION_COMMENTS = YES;
				CLANG_WARN_EMPTY_BODY = YES;
				CLANG_WARN_ENUM_CONVERSION = YES;
				CLANG_WARN_INFINITE_RECURSION = YES;
				CLANG_WARN_INT_CONVERSION = YES;
				CLANG_WARN_NON_LITERAL_NULL_CONVERSION = YES;
				CLANG_WARN_OBJC_IMPLICIT_RETAIN_SELF = YES;
				CLANG_WARN_OBJC_LITERAL_CONVERSION = YES;
				CLANG_WARN_OBJC_ROOT_CLASS = YES_ERROR;
				CLANG_WARN_QUOTED_INCLUDE_IN_FRAMEWORK_HEADER = YES;
				CLANG_WARN_RANGE_LOOP_ANALYSIS = YES;
				CLANG_WARN_STRICT_PROTOTYPES = YES;
				CLANG_WARN_SUSPICIOUS_MOVE = YES;
				CLANG_WARN_UNGUARDED_AVAILABILITY = YES_AGGRESSIVE;
				CLANG_WARN_UNREACHABLE_CODE = YES;
				CLANG_WARN__DUPLICATE_METHOD_MATCH = YES;
				COPY_PHASE_STRIP = NO;
				DEBUG_INFORMATION_FORMAT = dwarf;
				ENABLE_STRICT_OBJC_MSGSEND = YES;
				ENABLE_TESTABILITY = YES;
				GCC_C_LANGUAGE_STANDARD = gnu11;
				GCC_DYNAMIC_NO_PIC = NO;
				GCC_NO_COMMON_BLOCKS = YES;
				GCC_OPTIMIZATION_LEVEL = 0;
				GCC_PREPROCESSOR_DEFINITIONS = (
					"DEBUG=1",
					"$(inherited)",
				);
				GCC_WARN_64_TO_32_BIT_CONVERSION = YES;
				GCC_WARN_ABOUT_RETURN_TYPE = YES_ERROR;
				GCC_WARN_UNDECLARED_SELECTOR = YES;
				GCC_WARN_UNINITIALIZED_AUTOS = YES_AGGRESSIVE;
				GCC_WARN_UNUSED_FUNCTION = YES;
				GCC_WARN_UNUSED_VARIABLE = YES;
				IPHONEOS_DEPLOYMENT_TARGET = 14.0;
				MTL_ENABLE_DEBUG_INFO = INCLUDE_SOURCE;
				MTL_FAST_MATH = YES;
				ONLY_ACTIVE_ARCH = YES;
				SDKROOT = iphoneos;
				SWIFT_ACTIVE_COMPILATION_CONDITIONS = DEBUG;
				SWIFT_OPTIMIZATION_LEVEL = "-Onone";
			};
			name = Debug;
		};
		71F6C97824ED564A00EAB375 /* Release */ = {
			isa = XCBuildConfiguration;
			buildSettings = {
				ALWAYS_SEARCH_USER_PATHS = NO;
				CLANG_ANALYZER_NONNULL = YES;
				CLANG_ANALYZER_NUMBER_OBJECT_CONVERSION = YES_AGGRESSIVE;
				CLANG_CXX_LANGUAGE_STANDARD = "gnu++14";
				CLANG_CXX_LIBRARY = "libc++";
				CLANG_ENABLE_MODULES = YES;
				CLANG_ENABLE_OBJC_ARC = YES;
				CLANG_ENABLE_OBJC_WEAK = YES;
				CLANG_WARN_BLOCK_CAPTURE_AUTORELEASING = YES;
				CLANG_WARN_BOOL_CONVERSION = YES;
				CLANG_WARN_COMMA = YES;
				CLANG_WARN_CONSTANT_CONVERSION = YES;
				CLANG_WARN_DEPRECATED_OBJC_IMPLEMENTATIONS = YES;
				CLANG_WARN_DIRECT_OBJC_ISA_USAGE = YES_ERROR;
				CLANG_WARN_DOCUMENTATION_COMMENTS = YES;
				CLANG_WARN_EMPTY_BODY = YES;
				CLANG_WARN_ENUM_CONVERSION = YES;
				CLANG_WARN_INFINITE_RECURSION = YES;
				CLANG_WARN_INT_CONVERSION = YES;
				CLANG_WARN_NON_LITERAL_NULL_CONVERSION = YES;
				CLANG_WARN_OBJC_IMPLICIT_RETAIN_SELF = YES;
				CLANG_WARN_OBJC_LITERAL_CONVERSION = YES;
				CLANG_WARN_OBJC_ROOT_CLASS = YES_ERROR;
				CLANG_WARN_QUOTED_INCLUDE_IN_FRAMEWORK_HEADER = YES;
				CLANG_WARN_RANGE_LOOP_ANALYSIS = YES;
				CLANG_WARN_STRICT_PROTOTYPES = YES;
				CLANG_WARN_SUSPICIOUS_MOVE = YES;
				CLANG_WARN_UNGUARDED_AVAILABILITY = YES_AGGRESSIVE;
				CLANG_WARN_UNREACHABLE_CODE = YES;
				CLANG_WARN__DUPLICATE_METHOD_MATCH = YES;
				COPY_PHASE_STRIP = NO;
				DEBUG_INFORMATION_FORMAT = "dwarf-with-dsym";
				ENABLE_NS_ASSERTIONS = NO;
				ENABLE_STRICT_OBJC_MSGSEND = YES;
				GCC_C_LANGUAGE_STANDARD = gnu11;
				GCC_NO_COMMON_BLOCKS = YES;
				GCC_WARN_64_TO_32_BIT_CONVERSION = YES;
				GCC_WARN_ABOUT_RETURN_TYPE = YES_ERROR;
				GCC_WARN_UNDECLARED_SELECTOR = YES;
				GCC_WARN_UNINITIALIZED_AUTOS = YES_AGGRESSIVE;
				GCC_WARN_UNUSED_FUNCTION = YES;
				GCC_WARN_UNUSED_VARIABLE = YES;
				IPHONEOS_DEPLOYMENT_TARGET = 14.0;
				MTL_ENABLE_DEBUG_INFO = NO;
				MTL_FAST_MATH = YES;
				SDKROOT = iphoneos;
				SWIFT_COMPILATION_MODE = wholemodule;
				SWIFT_OPTIMIZATION_LEVEL = "-O";
				VALIDATE_PRODUCT = YES;
			};
			name = Release;
		};
		71F6C97A24ED564A00EAB375 /* Debug */ = {
			isa = XCBuildConfiguration;
			buildSettings = {
				ASSETCATALOG_COMPILER_APPICON_NAME = AppIcon;
				ASSETCATALOG_COMPILER_GLOBAL_ACCENT_COLOR_NAME = AccentColor;
				CODE_SIGN_STYLE = Automatic;
				DEVELOPMENT_ASSET_PATHS = "\"SwiftUI Snake/Preview Content\"";
				DEVELOPMENT_TEAM = PP39C69WNU;
				ENABLE_PREVIEWS = YES;
				INFOPLIST_FILE = "SwiftUI Snake/Info.plist";
				IPHONEOS_DEPLOYMENT_TARGET = 14.0;
				LD_RUNPATH_SEARCH_PATHS = (
					"$(inherited)",
					"@executable_path/Frameworks",
				);
				PRODUCT_BUNDLE_IDENTIFIER = "com.commeunchinois.SwiftUI-Snake";
				PRODUCT_NAME = "$(TARGET_NAME)";
				SWIFT_VERSION = 5.0;
				TARGETED_DEVICE_FAMILY = "1,2";
			};
			name = Debug;
		};
		71F6C97B24ED564A00EAB375 /* Release */ = {
			isa = XCBuildConfiguration;
			buildSettings = {
				ASSETCATALOG_COMPILER_APPICON_NAME = AppIcon;
				ASSETCATALOG_COMPILER_GLOBAL_ACCENT_COLOR_NAME = AccentColor;
				CODE_SIGN_STYLE = Automatic;
				DEVELOPMENT_ASSET_PATHS = "\"SwiftUI Snake/Preview Content\"";
				DEVELOPMENT_TEAM = PP39C69WNU;
				ENABLE_PREVIEWS = YES;
				INFOPLIST_FILE = "SwiftUI Snake/Info.plist";
				IPHONEOS_DEPLOYMENT_TARGET = 14.0;
				LD_RUNPATH_SEARCH_PATHS = (
					"$(inherited)",
					"@executable_path/Frameworks",
				);
				PRODUCT_BUNDLE_IDENTIFIER = "com.commeunchinois.SwiftUI-Snake";
				PRODUCT_NAME = "$(TARGET_NAME)";
				SWIFT_VERSION = 5.0;
				TARGETED_DEVICE_FAMILY = "1,2";
			};
			name = Release;
		};
/* End XCBuildConfiguration section */

/* Begin XCConfigurationList section */
		71F6C96524ED564500EAB375 /* Build configuration list for PBXProject "SwiftUI Snake" */ = {
			isa = XCConfigurationList;
			buildConfigurations = (
				71F6C97724ED564A00EAB375 /* Debug */,
				71F6C97824ED564A00EAB375 /* Release */,
			);
			defaultConfigurationIsVisible = 0;
			defaultConfigurationName = Release;
		};
		71F6C97924ED564A00EAB375 /* Build configuration list for PBXNativeTarget "SwiftUI Snake" */ = {
			isa = XCConfigurationList;
			buildConfigurations = (
				71F6C97A24ED564A00EAB375 /* Debug */,
				71F6C97B24ED564A00EAB375 /* Release */,
			);
			defaultConfigurationIsVisible = 0;
			defaultConfigurationName = Release;
		};
/* End XCConfigurationList section */
	};
	rootObject = 71F6C96224ED564500EAB375 /* Project object */;
}
